// !$*UTF8*$!
{
	archiveVersion = 1;
	classes = {
	};
	objectVersion = 50;
	objects = {

/* Begin PBXBuildFile section */
		CD9FDB1C21C73BD500220774 /* customcell.swift in Sources */ = {isa = PBXBuildFile; fileRef = CD9FDB1B21C73BD500220774 /* customcell.swift */; };
		CDA37AEB21C6630700E1DFED /* AppDelegate.swift in Sources */ = {isa = PBXBuildFile; fileRef = CDA37AEA21C6630700E1DFED /* AppDelegate.swift */; };
		CDA37AED21C6630700E1DFED /* ViewController.swift in Sources */ = {isa = PBXBuildFile; fileRef = CDA37AEC21C6630700E1DFED /* ViewController.swift */; };
		CDA37AF021C6630700E1DFED /* Main.storyboard in Resources */ = {isa = PBXBuildFile; fileRef = CDA37AEE21C6630700E1DFED /* Main.storyboard */; };
		CDA37AF221C6630800E1DFED /* Assets.xcassets in Resources */ = {isa = PBXBuildFile; fileRef = CDA37AF121C6630800E1DFED /* Assets.xcassets */; };
		CDA37AF521C6630800E1DFED /* LaunchScreen.storyboard in Resources */ = {isa = PBXBuildFile; fileRef = CDA37AF321C6630800E1DFED /* LaunchScreen.storyboard */; };
		CDA37AFD21C6926000E1DFED /* AddViewController.swift in Sources */ = {isa = PBXBuildFile; fileRef = CDA37AFC21C6926000E1DFED /* AddViewController.swift */; };
		CDA37AFF21C6928200E1DFED /* DetailViewController.swift in Sources */ = {isa = PBXBuildFile; fileRef = CDA37AFE21C6928200E1DFED /* DetailViewController.swift */; };
		CDC3980721C7C73000B64411 /* Recipe.swift in Sources */ = {isa = PBXBuildFile; fileRef = CDC3980621C7C73000B64411 /* Recipe.swift */; };
		CDC3980921C7C7BE00B64411 /* RecipeManager.swift in Sources */ = {isa = PBXBuildFile; fileRef = CDC3980821C7C7BE00B64411 /* RecipeManager.swift */; };
/* End PBXBuildFile section */

/* Begin PBXFileReference section */
		CD9FDB1B21C73BD500220774 /* customcell.swift */ = {isa = PBXFileReference; lastKnownFileType = sourcecode.swift; path = customcell.swift; sourceTree = "<group>"; };
		CDA37AE721C6630700E1DFED /* Receipe1.app */ = {isa = PBXFileReference; explicitFileType = wrapper.application; includeInIndex = 0; path = Receipe1.app; sourceTree = BUILT_PRODUCTS_DIR; };
		CDA37AEA21C6630700E1DFED /* AppDelegate.swift */ = {isa = PBXFileReference; lastKnownFileType = sourcecode.swift; path = AppDelegate.swift; sourceTree = "<group>"; };
		CDA37AEC21C6630700E1DFED /* ViewController.swift */ = {isa = PBXFileReference; lastKnownFileType = sourcecode.swift; path = ViewController.swift; sourceTree = "<group>"; };
		CDA37AEF21C6630700E1DFED /* Base */ = {isa = PBXFileReference; lastKnownFileType = file.storyboard; name = Base; path = Base.lproj/Main.storyboard; sourceTree = "<group>"; };
		CDA37AF121C6630800E1DFED /* Assets.xcassets */ = {isa = PBXFileReference; lastKnownFileType = folder.assetcatalog; path = Assets.xcassets; sourceTree = "<group>"; };
		CDA37AF421C6630800E1DFED /* Base */ = {isa = PBXFileReference; lastKnownFileType = file.storyboard; name = Base; path = Base.lproj/LaunchScreen.storyboard; sourceTree = "<group>"; };
		CDA37AF621C6630800E1DFED /* Info.plist */ = {isa = PBXFileReference; lastKnownFileType = text.plist.xml; path = Info.plist; sourceTree = "<group>"; };
		CDA37AFC21C6926000E1DFED /* AddViewController.swift */ = {isa = PBXFileReference; lastKnownFileType = sourcecode.swift; path = AddViewController.swift; sourceTree = "<group>"; };
		CDA37AFE21C6928200E1DFED /* DetailViewController.swift */ = {isa = PBXFileReference; lastKnownFileType = sourcecode.swift; path = DetailViewController.swift; sourceTree = "<group>"; };
		CDC3980621C7C73000B64411 /* Recipe.swift */ = {isa = PBXFileReference; lastKnownFileType = sourcecode.swift; path = Recipe.swift; sourceTree = "<group>"; };
		CDC3980821C7C7BE00B64411 /* RecipeManager.swift */ = {isa = PBXFileReference; lastKnownFileType = sourcecode.swift; path = RecipeManager.swift; sourceTree = "<group>"; };
/* End PBXFileReference section */

/* Begin PBXFrameworksBuildPhase section */
		CDA37AE421C6630700E1DFED /* Frameworks */ = {
			isa = PBXFrameworksBuildPhase;
			buildActionMask = 2147483647;
			files = (
			);
			runOnlyForDeploymentPostprocessing = 0;
		};
/* End PBXFrameworksBuildPhase section */

/* Begin PBXGroup section */
		CDA37ADE21C6630700E1DFED = {
			isa = PBXGroup;
			children = (
				CDA37AE921C6630700E1DFED /* Receipe1 */,
				CDA37AE821C6630700E1DFED /* Products */,
			);
			sourceTree = "<group>";
		};
		CDA37AE821C6630700E1DFED /* Products */ = {
			isa = PBXGroup;
			children = (
				CDA37AE721C6630700E1DFED /* Receipe1.app */,
			);
			name = Products;
			sourceTree = "<group>";
		};
		CDA37AE921C6630700E1DFED /* Receipe1 */ = {
			isa = PBXGroup;
			children = (
				CDA37AEA21C6630700E1DFED /* AppDelegate.swift */,
				CDA37AEC21C6630700E1DFED /* ViewController.swift */,
				CDC3980621C7C73000B64411 /* Recipe.swift */,
				CDC3980821C7C7BE00B64411 /* RecipeManager.swift */,
				CDA37AFC21C6926000E1DFED /* AddViewController.swift */,
				CDA37AFE21C6928200E1DFED /* DetailViewController.swift */,
				CDA37AEE21C6630700E1DFED /* Main.storyboard */,
				CD9FDB1B21C73BD500220774 /* customcell.swift */,
				CDA37AF121C6630800E1DFED /* Assets.xcassets */,
				CDA37AF321C6630800E1DFED /* LaunchScreen.storyboard */,
				CDA37AF621C6630800E1DFED /* Info.plist */,
			);
			path = Receipe1;
			sourceTree = "<group>";
		};
/* End PBXGroup section */

/* Begin PBXNativeTarget section */
		CDA37AE621C6630700E1DFED /* Receipe1 */ = {
			isa = PBXNativeTarget;
			buildConfigurationList = CDA37AF921C6630800E1DFED /* Build configuration list for PBXNativeTarget "Receipe1" */;
			buildPhases = (
				CDA37AE321C6630700E1DFED /* Sources */,
				CDA37AE421C6630700E1DFED /* Frameworks */,
				CDA37AE521C6630700E1DFED /* Resources */,
			);
			buildRules = (
			);
			dependencies = (
			);
			name = Receipe1;
			productName = Receipe1;
			productReference = CDA37AE721C6630700E1DFED /* Receipe1.app */;
			productType = "com.apple.product-type.application";
		};
/* End PBXNativeTarget section */

/* Begin PBXProject section */
		CDA37ADF21C6630700E1DFED /* Project object */ = {
			isa = PBXProject;
			attributes = {
				LastSwiftUpdateCheck = 1010;
				LastUpgradeCheck = 1010;
				ORGANIZATIONNAME = "Mariya Arul Raj";
				TargetAttributes = {
					CDA37AE621C6630700E1DFED = {
						CreatedOnToolsVersion = 10.1;
					};
				};
			};
			buildConfigurationList = CDA37AE221C6630700E1DFED /* Build configuration list for PBXProject "Receipe1" */;
			compatibilityVersion = "Xcode 9.3";
			developmentRegion = en;
			hasScannedForEncodings = 0;
			knownRegions = (
				en,
				Base,
			);
			mainGroup = CDA37ADE21C6630700E1DFED;
			productRefGroup = CDA37AE821C6630700E1DFED /* Products */;
			projectDirPath = "";
			projectRoot = "";
			targets = (
				CDA37AE621C6630700E1DFED /* Receipe1 */,
			);
		};
/* End PBXProject section */

/* Begin PBXResourcesBuildPhase section */
		CDA37AE521C6630700E1DFED /* Resources */ = {
			isa = PBXResourcesBuildPhase;
			buildActionMask = 2147483647;
			files = (
				CDA37AF521C6630800E1DFED /* LaunchScreen.storyboard in Resources */,
				CDA37AF221C6630800E1DFED /* Assets.xcassets in Resources */,
				CDA37AF021C6630700E1DFED /* Main.storyboard in Resources */,
			);
			runOnlyForDeploymentPostprocessing = 0;
		};
/* End PBXResourcesBuildPhase section */

/* Begin PBXSourcesBuildPhase section */
		CDA37AE321C6630700E1DFED /* Sources */ = {
			isa = PBXSourcesBuildPhase;
			buildActionMask = 2147483647;
			files = (
				CD9FDB1C21C73BD500220774 /* customcell.swift in Sources */,
				CDA37AED21C6630700E1DFED /* ViewController.swift in Sources */,
				CDA37AEB21C6630700E1DFED /* AppDelegate.swift in Sources */,
				CDC3980721C7C73000B64411 /* Recipe.swift in Sources */,
				CDC3980921C7C7BE00B64411 /* RecipeManager.swift in Sources */,
				CDA37AFD21C6926000E1DFED /* AddViewController.swift in Sources */,
				CDA37AFF21C6928200E1DFED /* DetailViewController.swift in Sources */,
			);
			runOnlyForDeploymentPostprocessing = 0;
		};
/* End PBXSourcesBuildPhase section */

/* Begin PBXVariantGroup section */
		CDA37AEE21C6630700E1DFED /* Main.storyboard */ = {
			isa = PBXVariantGroup;
			children = (
				CDA37AEF21C6630700E1DFED /* Base */,
			);
			name = Main.storyboard;
			sourceTree = "<group>";
		};
		CDA37AF321C6630800E1DFED /* LaunchScreen.storyboard */ = {
			isa = PBXVariantGroup;
			children = (
				CDA37AF421C6630800E1DFED /* Base */,
			);
			name = LaunchScreen.storyboard;
			sourceTree = "<group>";
		};
/* End PBXVariantGroup section */

/* Begin XCBuildConfiguration section */
		CDA37AF721C6630800E1DFED /* Debug */ = {
			isa = XCBuildConfiguration;
			buildSettings = {
				ALWAYS_SEARCH_USER_PATHS = NO;
				CLANG_ANALYZER_NONNULL = YES;
				CLANG_ANALYZER_NUMBER_OBJECT_CONVERSION = YES_AGGRESSIVE;
				CLANG_CXX_LANGUAGE_STANDARD = "gnu++14";
				CLANG_CXX_LIBRARY = "libc++";
				CLANG_ENABLE_MODULES = YES;
				CLANG_ENABLE_OBJC_ARC = YES;
				CLANG_ENABLE_OBJC_WEAK = YES;
				CLANG_WARN_BLOCK_CAPTURE_AUTORELEASING = YES;
				CLANG_WARN_BOOL_CONVERSION = YES;
				CLANG_WARN_COMMA = YES;
				CLANG_WARN_CONSTANT_CONVERSION = YES;
				CLANG_WARN_DEPRECATED_OBJC_IMPLEMENTATIONS = YES;
				CLANG_WARN_DIRECT_OBJC_ISA_USAGE = YES_ERROR;
				CLANG_WARN_DOCUMENTATION_COMMENTS = YES;
				CLANG_WARN_EMPTY_BODY = YES;
				CLANG_WARN_ENUM_CONVERSION = YES;
				CLANG_WARN_INFINITE_RECURSION = YES;
				CLANG_WARN_INT_CONVERSION = YES;
				CLANG_WARN_NON_LITERAL_NULL_CONVERSION = YES;
				CLANG_WARN_OBJC_IMPLICIT_RETAIN_SELF = YES;
				CLANG_WARN_OBJC_LITERAL_CONVERSION = YES;
				CLANG_WARN_OBJC_ROOT_CLASS = YES_ERROR;
				CLANG_WARN_RANGE_LOOP_ANALYSIS = YES;
				CLANG_WARN_STRICT_PROTOTYPES = YES;
				CLANG_WARN_SUSPICIOUS_MOVE = YES;
				CLANG_WARN_UNGUARDED_AVAILABILITY = YES_AGGRESSIVE;
				CLANG_WARN_UNREACHABLE_CODE = YES;
				CLANG_WARN__DUPLICATE_METHOD_MATCH = YES;
				CODE_SIGN_IDENTITY = "iPhone Developer";
				COPY_PHASE_STRIP = NO;
				DEBUG_INFORMATION_FORMAT = dwarf;
				ENABLE_STRICT_OBJC_MSGSEND = YES;
				ENABLE_TESTABILITY = YES;
				GCC_C_LANGUAGE_STANDARD = gnu11;
				GCC_DYNAMIC_NO_PIC = NO;
				GCC_NO_COMMON_BLOCKS = YES;
				GCC_OPTIMIZATION_LEVEL = 0;
				GCC_PREPROCESSOR_DEFINITIONS = (
					"DEBUG=1",
					"$(inherited)",
				);
				GCC_WARN_64_TO_32_BIT_CONVERSION = YES;
				GCC_WARN_ABOUT_RETURN_TYPE = YES_ERROR;
				GCC_WARN_UNDECLARED_SELECTOR = YES;
				GCC_WARN_UNINITIALIZED_AUTOS = YES_AGGRESSIVE;
				GCC_WARN_UNUSED_FUNCTION = YES;
				GCC_WARN_UNUSED_VARIABLE = YES;
				IPHONEOS_DEPLOYMENT_TARGET = 12.1;
				MTL_ENABLE_DEBUG_INFO = INCLUDE_SOURCE;
				MTL_FAST_MATH = YES;
				ONLY_ACTIVE_ARCH = YES;
				SDKROOT = iphoneos;
				SWIFT_ACTIVE_COMPILATION_CONDITIONS = DEBUG;
				SWIFT_OPTIMIZATION_LEVEL = "-Onone";
			};
			name = Debug;
		};
		CDA37AF821C6630800E1DFED /* Release */ = {
			isa = XCBuildConfiguration;
			buildSettings = {
				ALWAYS_SEARCH_USER_PATHS = NO;
				CLANG_ANALYZER_NONNULL = YES;
				CLANG_ANALYZER_NUMBER_OBJECT_CONVERSION = YES_AGGRESSIVE;
				CLANG_CXX_LANGUAGE_STANDARD = "gnu++14";
				CLANG_CXX_LIBRARY = "libc++";
				CLANG_ENABLE_MODULES = YES;
				CLANG_ENABLE_OBJC_ARC = YES;
				CLANG_ENABLE_OBJC_WEAK = YES;
				CLANG_WARN_BLOCK_CAPTURE_AUTORELEASING = YES;
				CLANG_WARN_BOOL_CONVERSION = YES;
				CLANG_WARN_COMMA = YES;
				CLANG_WARN_CONSTANT_CONVERSION = YES;
				CLANG_WARN_DEPRECATED_OBJC_IMPLEMENTATIONS = YES;
				CLANG_WARN_DIRECT_OBJC_ISA_USAGE = YES_ERROR;
				CLANG_WARN_DOCUMENTATION_COMMENTS = YES;
				CLANG_WARN_EMPTY_BODY = YES;
				CLANG_WARN_ENUM_CONVERSION = YES;
				CLANG_WARN_INFINITE_RECURSION = YES;
				CLANG_WARN_INT_CONVERSION = YES;
				CLANG_WARN_NON_LITERAL_NULL_CONVERSION = YES;
				CLANG_WARN_OBJC_IMPLICIT_RETAIN_SELF = YES;
				CLANG_WARN_OBJC_LITERAL_CONVERSION = YES;
				CLANG_WARN_OBJC_ROOT_CLASS = YES_ERROR;
				CLANG_WARN_RANGE_LOOP_ANALYSIS = YES;
				CLANG_WARN_STRICT_PROTOTYPES = YES;
				CLANG_WARN_SUSPICIOUS_MOVE = YES;
				CLANG_WARN_UNGUARDED_AVAILABILITY = YES_AGGRESSIVE;
				CLANG_WARN_UNREACHABLE_CODE = YES;
				CLANG_WARN__DUPLICATE_METHOD_MATCH = YES;
				CODE_SIGN_IDENTITY = "iPhone Developer";
				COPY_PHASE_STRIP = NO;
				DEBUG_INFORMATION_FORMAT = "dwarf-with-dsym";
				ENABLE_NS_ASSERTIONS = NO;
				ENABLE_STRICT_OBJC_MSGSEND = YES;
				GCC_C_LANGUAGE_STANDARD = gnu11;
				GCC_NO_COMMON_BLOCKS = YES;
				GCC_WARN_64_TO_32_BIT_CONVERSION = YES;
				GCC_WARN_ABOUT_RETURN_TYPE = YES_ERROR;
				GCC_WARN_UNDECLARED_SELECTOR = YES;
				GCC_WARN_UNINITIALIZED_AUTOS = YES_AGGRESSIVE;
				GCC_WARN_UNUSED_FUNCTION = YES;
				GCC_WARN_UNUSED_VARIABLE = YES;
				IPHONEOS_DEPLOYMENT_TARGET = 12.1;
				MTL_ENABLE_DEBUG_INFO = NO;
				MTL_FAST_MATH = YES;
				SDKROOT = iphoneos;
				SWIFT_COMPILATION_MODE = wholemodule;
				SWIFT_OPTIMIZATION_LEVEL = "-O";
				VALIDATE_PRODUCT = YES;
			};
			name = Release;
		};
		CDA37AFA21C6630800E1DFED /* Debug */ = {
			isa = XCBuildConfiguration;
			buildSettings = {
				ASSETCATALOG_COMPILER_APPICON_NAME = AppIcon;
				CODE_SIGN_STYLE = Automatic;
				DEVELOPMENT_TEAM = B3H9G46P83;
				INFOPLIST_FILE = Receipe1/Info.plist;
				LD_RUNPATH_SEARCH_PATHS = (
					"$(inherited)",
					"@executable_path/Frameworks",
				);
				PRODUCT_BUNDLE_IDENTIFIER = com.pkmariya.Receipe1;
				PRODUCT_NAME = "$(TARGET_NAME)";
				SWIFT_VERSION = 4.2;
				TARGETED_DEVICE_FAMILY = "1,2";
			};
			name = Debug;
		};
		CDA37AFB21C6630800E1DFED /* Release */ = {
			isa = XCBuildConfiguration;
			buildSettings = {
				ASSETCATALOG_COMPILER_APPICON_NAME = AppIcon;
				CODE_SIGN_STYLE = Automatic;
				DEVELOPMENT_TEAM = B3H9G46P83;
				INFOPLIST_FILE = Receipe1/Info.plist;
				LD_RUNPATH_SEARCH_PATHS = (
					"$(inherited)",
					"@executable_path/Frameworks",
				);
				PRODUCT_BUNDLE_IDENTIFIER = com.pkmariya.Receipe1;
				PRODUCT_NAME = "$(TARGET_NAME)";
				SWIFT_VERSION = 4.2;
				TARGETED_DEVICE_FAMILY = "1,2";
			};
			name = Release;
		};
/* End XCBuildConfiguration section */

/* Begin XCConfigurationList section */
		CDA37AE221C6630700E1DFED /* Build configuration list for PBXProject "Receipe1" */ = {
			isa = XCConfigurationList;
			buildConfigurations = (
				CDA37AF721C6630800E1DFED /* Debug */,
				CDA37AF821C6630800E1DFED /* Release */,
			);
			defaultConfigurationIsVisible = 0;
			defaultConfigurationName = Release;
		};
		CDA37AF921C6630800E1DFED /* Build configuration list for PBXNativeTarget "Receipe1" */ = {
			isa = XCConfigurationList;
			buildConfigurations = (
				CDA37AFA21C6630800E1DFED /* Debug */,
				CDA37AFB21C6630800E1DFED /* Release */,
			);
			defaultConfigurationIsVisible = 0;
			defaultConfigurationName = Release;
		};
/* End XCConfigurationList section */
	};
	rootObject = CDA37ADF21C6630700E1DFED /* Project object */;
}
