// !$*UTF8*$!
{
	archiveVersion = 1;
	classes = {
	};
	objectVersion = 50;
	objects = {

/* Begin PBXBuildFile section */
		CD8930A521D17F9D00BB4320 /* AppDelegate.swift in Sources */ = {isa = PBXBuildFile; fileRef = CD8930A421D17F9D00BB4320 /* AppDelegate.swift */; };
		CD8930A721D17F9D00BB4320 /* ViewController.swift in Sources */ = {isa = PBXBuildFile; fileRef = CD8930A621D17F9D00BB4320 /* ViewController.swift */; };
		CD8930AA21D17F9D00BB4320 /* Main.storyboard in Resources */ = {isa = PBXBuildFile; fileRef = CD8930A821D17F9D00BB4320 /* Main.storyboard */; };
		CD8930AD21D17F9D00BB4320 /* myCoreDB.xcdatamodeld in Sources */ = {isa = PBXBuildFile; fileRef = CD8930AB21D17F9D00BB4320 /* myCoreDB.xcdatamodeld */; };
		CD8930AF21D17F9D00BB4320 /* Assets.xcassets in Resources */ = {isa = PBXBuildFile; fileRef = CD8930AE21D17F9D00BB4320 /* Assets.xcassets */; };
		CD8930B221D17F9D00BB4320 /* LaunchScreen.storyboard in Resources */ = {isa = PBXBuildFile; fileRef = CD8930B021D17F9D00BB4320 /* LaunchScreen.storyboard */; };
		CD8930BA21D2213A00BB4320 /* secondVc.swift in Sources */ = {isa = PBXBuildFile; fileRef = CD8930B921D2213A00BB4320 /* secondVc.swift */; };
/* End PBXBuildFile section */

/* Begin PBXFileReference section */
		CD8930A121D17F9D00BB4320 /* myCoreDB.app */ = {isa = PBXFileReference; explicitFileType = wrapper.application; includeInIndex = 0; path = myCoreDB.app; sourceTree = BUILT_PRODUCTS_DIR; };
		CD8930A421D17F9D00BB4320 /* AppDelegate.swift */ = {isa = PBXFileReference; lastKnownFileType = sourcecode.swift; path = AppDelegate.swift; sourceTree = "<group>"; };
		CD8930A621D17F9D00BB4320 /* ViewController.swift */ = {isa = PBXFileReference; lastKnownFileType = sourcecode.swift; path = ViewController.swift; sourceTree = "<group>"; };
		CD8930A921D17F9D00BB4320 /* Base */ = {isa = PBXFileReference; lastKnownFileType = file.storyboard; name = Base; path = Base.lproj/Main.storyboard; sourceTree = "<group>"; };
		CD8930AC21D17F9D00BB4320 /* myCoreDB.xcdatamodel */ = {isa = PBXFileReference; lastKnownFileType = wrapper.xcdatamodel; path = myCoreDB.xcdatamodel; sourceTree = "<group>"; };
		CD8930AE21D17F9D00BB4320 /* Assets.xcassets */ = {isa = PBXFileReference; lastKnownFileType = folder.assetcatalog; path = Assets.xcassets; sourceTree = "<group>"; };
		CD8930B121D17F9D00BB4320 /* Base */ = {isa = PBXFileReference; lastKnownFileType = file.storyboard; name = Base; path = Base.lproj/LaunchScreen.storyboard; sourceTree = "<group>"; };
		CD8930B321D17F9D00BB4320 /* Info.plist */ = {isa = PBXFileReference; lastKnownFileType = text.plist.xml; path = Info.plist; sourceTree = "<group>"; };
		CD8930B921D2213A00BB4320 /* secondVc.swift */ = {isa = PBXFileReference; lastKnownFileType = sourcecode.swift; path = secondVc.swift; sourceTree = "<group>"; };
/* End PBXFileReference section */

/* Begin PBXFrameworksBuildPhase section */
		CD89309E21D17F9C00BB4320 /* Frameworks */ = {
			isa = PBXFrameworksBuildPhase;
			buildActionMask = 2147483647;
			files = (
			);
			runOnlyForDeploymentPostprocessing = 0;
		};
/* End PBXFrameworksBuildPhase section */

/* Begin PBXGroup section */
		CD89309821D17F9C00BB4320 = {
			isa = PBXGroup;
			children = (
				CD8930A321D17F9D00BB4320 /* myCoreDB */,
				CD8930A221D17F9D00BB4320 /* Products */,
			);
			sourceTree = "<group>";
		};
		CD8930A221D17F9D00BB4320 /* Products */ = {
			isa = PBXGroup;
			children = (
				CD8930A121D17F9D00BB4320 /* myCoreDB.app */,
			);
			name = Products;
			sourceTree = "<group>";
		};
		CD8930A321D17F9D00BB4320 /* myCoreDB */ = {
			isa = PBXGroup;
			children = (
				CD8930A421D17F9D00BB4320 /* AppDelegate.swift */,
				CD8930A621D17F9D00BB4320 /* ViewController.swift */,
				CD8930B921D2213A00BB4320 /* secondVc.swift */,
				CD8930A821D17F9D00BB4320 /* Main.storyboard */,
				CD8930AE21D17F9D00BB4320 /* Assets.xcassets */,
				CD8930B021D17F9D00BB4320 /* LaunchScreen.storyboard */,
				CD8930B321D17F9D00BB4320 /* Info.plist */,
				CD8930AB21D17F9D00BB4320 /* myCoreDB.xcdatamodeld */,
			);
			path = myCoreDB;
			sourceTree = "<group>";
		};
/* End PBXGroup section */

/* Begin PBXNativeTarget section */
		CD8930A021D17F9C00BB4320 /* myCoreDB */ = {
			isa = PBXNativeTarget;
			buildConfigurationList = CD8930B621D17F9D00BB4320 /* Build configuration list for PBXNativeTarget "myCoreDB" */;
			buildPhases = (
				CD89309D21D17F9C00BB4320 /* Sources */,
				CD89309E21D17F9C00BB4320 /* Frameworks */,
				CD89309F21D17F9C00BB4320 /* Resources */,
			);
			buildRules = (
			);
			dependencies = (
			);
			name = myCoreDB;
			productName = myCoreDB;
			productReference = CD8930A121D17F9D00BB4320 /* myCoreDB.app */;
			productType = "com.apple.product-type.application";
		};
/* End PBXNativeTarget section */

/* Begin PBXProject section */
		CD89309921D17F9C00BB4320 /* Project object */ = {
			isa = PBXProject;
			attributes = {
				LastSwiftUpdateCheck = 1010;
				LastUpgradeCheck = 1010;
				ORGANIZATIONNAME = "Mariya Arul Raj";
				TargetAttributes = {
					CD8930A021D17F9C00BB4320 = {
						CreatedOnToolsVersion = 10.1;
					};
				};
			};
			buildConfigurationList = CD89309C21D17F9C00BB4320 /* Build configuration list for PBXProject "myCoreDB" */;
			compatibilityVersion = "Xcode 9.3";
			developmentRegion = en;
			hasScannedForEncodings = 0;
			knownRegions = (
				en,
				Base,
			);
			mainGroup = CD89309821D17F9C00BB4320;
			productRefGroup = CD8930A221D17F9D00BB4320 /* Products */;
			projectDirPath = "";
			projectRoot = "";
			targets = (
				CD8930A021D17F9C00BB4320 /* myCoreDB */,
			);
		};
/* End PBXProject section */

/* Begin PBXResourcesBuildPhase section */
		CD89309F21D17F9C00BB4320 /* Resources */ = {
			isa = PBXResourcesBuildPhase;
			buildActionMask = 2147483647;
			files = (
				CD8930B221D17F9D00BB4320 /* LaunchScreen.storyboard in Resources */,
				CD8930AF21D17F9D00BB4320 /* Assets.xcassets in Resources */,
				CD8930AA21D17F9D00BB4320 /* Main.storyboard in Resources */,
			);
			runOnlyForDeploymentPostprocessing = 0;
		};
/* End PBXResourcesBuildPhase section */

/* Begin PBXSourcesBuildPhase section */
		CD89309D21D17F9C00BB4320 /* Sources */ = {
			isa = PBXSourcesBuildPhase;
			buildActionMask = 2147483647;
			files = (
				CD8930A721D17F9D00BB4320 /* ViewController.swift in Sources */,
				CD8930A521D17F9D00BB4320 /* AppDelegate.swift in Sources */,
				CD8930BA21D2213A00BB4320 /* secondVc.swift in Sources */,
				CD8930AD21D17F9D00BB4320 /* myCoreDB.xcdatamodeld in Sources */,
			);
			runOnlyForDeploymentPostprocessing = 0;
		};
/* End PBXSourcesBuildPhase section */

/* Begin PBXVariantGroup section */
		CD8930A821D17F9D00BB4320 /* Main.storyboard */ = {
			isa = PBXVariantGroup;
			children = (
				CD8930A921D17F9D00BB4320 /* Base */,
			);
			name = Main.storyboard;
			sourceTree = "<group>";
		};
		CD8930B021D17F9D00BB4320 /* LaunchScreen.storyboard */ = {
			isa = PBXVariantGroup;
			children = (
				CD8930B121D17F9D00BB4320 /* Base */,
			);
			name = LaunchScreen.storyboard;
			sourceTree = "<group>";
		};
/* End PBXVariantGroup section */

/* Begin XCBuildConfiguration section */
		CD8930B421D17F9D00BB4320 /* Debug */ = {
			isa = XCBuildConfiguration;
			buildSettings = {
				ALWAYS_SEARCH_USER_PATHS = NO;
				CLANG_ANALYZER_NONNULL = YES;
				CLANG_ANALYZER_NUMBER_OBJECT_CONVERSION = YES_AGGRESSIVE;
				CLANG_CXX_LANGUAGE_STANDARD = "gnu++14";
				CLANG_CXX_LIBRARY = "libc++";
				CLANG_ENABLE_MODULES = YES;
				CLANG_ENABLE_OBJC_ARC = YES;
				CLANG_ENABLE_OBJC_WEAK = YES;
				CLANG_WARN_BLOCK_CAPTURE_AUTORELEASING = YES;
				CLANG_WARN_BOOL_CONVERSION = YES;
				CLANG_WARN_COMMA = YES;
				CLANG_WARN_CONSTANT_CONVERSION = YES;
				CLANG_WARN_DEPRECATED_OBJC_IMPLEMENTATIONS = YES;
				CLANG_WARN_DIRECT_OBJC_ISA_USAGE = YES_ERROR;
				CLANG_WARN_DOCUMENTATION_COMMENTS = YES;
				CLANG_WARN_EMPTY_BODY = YES;
				CLANG_WARN_ENUM_CONVERSION = YES;
				CLANG_WARN_INFINITE_RECURSION = YES;
				CLANG_WARN_INT_CONVERSION = YES;
				CLANG_WARN_NON_LITERAL_NULL_CONVERSION = YES;
				CLANG_WARN_OBJC_IMPLICIT_RETAIN_SELF = YES;
				CLANG_WARN_OBJC_LITERAL_CONVERSION = YES;
				CLANG_WARN_OBJC_ROOT_CLASS = YES_ERROR;
				CLANG_WARN_RANGE_LOOP_ANALYSIS = YES;
				CLANG_WARN_STRICT_PROTOTYPES = YES;
				CLANG_WARN_SUSPICIOUS_MOVE = YES;
				CLANG_WARN_UNGUARDED_AVAILABILITY = YES_AGGRESSIVE;
				CLANG_WARN_UNREACHABLE_CODE = YES;
				CLANG_WARN__DUPLICATE_METHOD_MATCH = YES;
				CODE_SIGN_IDENTITY = "iPhone Developer";
				COPY_PHASE_STRIP = NO;
				DEBUG_INFORMATION_FORMAT = dwarf;
				ENABLE_STRICT_OBJC_MSGSEND = YES;
				ENABLE_TESTABILITY = YES;
				GCC_C_LANGUAGE_STANDARD = gnu11;
				GCC_DYNAMIC_NO_PIC = NO;
				GCC_NO_COMMON_BLOCKS = YES;
				GCC_OPTIMIZATION_LEVEL = 0;
				GCC_PREPROCESSOR_DEFINITIONS = (
					"DEBUG=1",
					"$(inherited)",
				);
				GCC_WARN_64_TO_32_BIT_CONVERSION = YES;
				GCC_WARN_ABOUT_RETURN_TYPE = YES_ERROR;
				GCC_WARN_UNDECLARED_SELECTOR = YES;
				GCC_WARN_UNINITIALIZED_AUTOS = YES_AGGRESSIVE;
				GCC_WARN_UNUSED_FUNCTION = YES;
				GCC_WARN_UNUSED_VARIABLE = YES;
				IPHONEOS_DEPLOYMENT_TARGET = 12.1;
				MTL_ENABLE_DEBUG_INFO = INCLUDE_SOURCE;
				MTL_FAST_MATH = YES;
				ONLY_ACTIVE_ARCH = YES;
				SDKROOT = iphoneos;
				SWIFT_ACTIVE_COMPILATION_CONDITIONS = DEBUG;
				SWIFT_OPTIMIZATION_LEVEL = "-Onone";
			};
			name = Debug;
		};
		CD8930B521D17F9D00BB4320 /* Release */ = {
			isa = XCBuildConfiguration;
			buildSettings = {
				ALWAYS_SEARCH_USER_PATHS = NO;
				CLANG_ANALYZER_NONNULL = YES;
				CLANG_ANALYZER_NUMBER_OBJECT_CONVERSION = YES_AGGRESSIVE;
				CLANG_CXX_LANGUAGE_STANDARD = "gnu++14";
				CLANG_CXX_LIBRARY = "libc++";
				CLANG_ENABLE_MODULES = YES;
				CLANG_ENABLE_OBJC_ARC = YES;
				CLANG_ENABLE_OBJC_WEAK = YES;
				CLANG_WARN_BLOCK_CAPTURE_AUTORELEASING = YES;
				CLANG_WARN_BOOL_CONVERSION = YES;
				CLANG_WARN_COMMA = YES;
				CLANG_WARN_CONSTANT_CONVERSION = YES;
				CLANG_WARN_DEPRECATED_OBJC_IMPLEMENTATIONS = YES;
				CLANG_WARN_DIRECT_OBJC_ISA_USAGE = YES_ERROR;
				CLANG_WARN_DOCUMENTATION_COMMENTS = YES;
				CLANG_WARN_EMPTY_BODY = YES;
				CLANG_WARN_ENUM_CONVERSION = YES;
				CLANG_WARN_INFINITE_RECURSION = YES;
				CLANG_WARN_INT_CONVERSION = YES;
				CLANG_WARN_NON_LITERAL_NULL_CONVERSION = YES;
				CLANG_WARN_OBJC_IMPLICIT_RETAIN_SELF = YES;
				CLANG_WARN_OBJC_LITERAL_CONVERSION = YES;
				CLANG_WARN_OBJC_ROOT_CLASS = YES_ERROR;
				CLANG_WARN_RANGE_LOOP_ANALYSIS = YES;
				CLANG_WARN_STRICT_PROTOTYPES = YES;
				CLANG_WARN_SUSPICIOUS_MOVE = YES;
				CLANG_WARN_UNGUARDED_AVAILABILITY = YES_AGGRESSIVE;
				CLANG_WARN_UNREACHABLE_CODE = YES;
				CLANG_WARN__DUPLICATE_METHOD_MATCH = YES;
				CODE_SIGN_IDENTITY = "iPhone Developer";
				COPY_PHASE_STRIP = NO;
				DEBUG_INFORMATION_FORMAT = "dwarf-with-dsym";
				ENABLE_NS_ASSERTIONS = NO;
				ENABLE_STRICT_OBJC_MSGSEND = YES;
				GCC_C_LANGUAGE_STANDARD = gnu11;
				GCC_NO_COMMON_BLOCKS = YES;
				GCC_WARN_64_TO_32_BIT_CONVERSION = YES;
				GCC_WARN_ABOUT_RETURN_TYPE = YES_ERROR;
				GCC_WARN_UNDECLARED_SELECTOR = YES;
				GCC_WARN_UNINITIALIZED_AUTOS = YES_AGGRESSIVE;
				GCC_WARN_UNUSED_FUNCTION = YES;
				GCC_WARN_UNUSED_VARIABLE = YES;
				IPHONEOS_DEPLOYMENT_TARGET = 12.1;
				MTL_ENABLE_DEBUG_INFO = NO;
				MTL_FAST_MATH = YES;
				SDKROOT = iphoneos;
				SWIFT_COMPILATION_MODE = wholemodule;
				SWIFT_OPTIMIZATION_LEVEL = "-O";
				VALIDATE_PRODUCT = YES;
			};
			name = Release;
		};
		CD8930B721D17F9D00BB4320 /* Debug */ = {
			isa = XCBuildConfiguration;
			buildSettings = {
				ASSETCATALOG_COMPILER_APPICON_NAME = AppIcon;
				CODE_SIGN_STYLE = Automatic;
				DEVELOPMENT_TEAM = B3H9G46P83;
				INFOPLIST_FILE = myCoreDB/Info.plist;
				LD_RUNPATH_SEARCH_PATHS = (
					"$(inherited)",
					"@executable_path/Frameworks",
				);
				PRODUCT_BUNDLE_IDENTIFIER = com.pkmariya.myCoreDB;
				PRODUCT_NAME = "$(TARGET_NAME)";
				SWIFT_VERSION = 4.2;
				TARGETED_DEVICE_FAMILY = "1,2";
			};
			name = Debug;
		};
		CD8930B821D17F9D00BB4320 /* Release */ = {
			isa = XCBuildConfiguration;
			buildSettings = {
				ASSETCATALOG_COMPILER_APPICON_NAME = AppIcon;
				CODE_SIGN_STYLE = Automatic;
				DEVELOPMENT_TEAM = B3H9G46P83;
				INFOPLIST_FILE = myCoreDB/Info.plist;
				LD_RUNPATH_SEARCH_PATHS = (
					"$(inherited)",
					"@executable_path/Frameworks",
				);
				PRODUCT_BUNDLE_IDENTIFIER = com.pkmariya.myCoreDB;
				PRODUCT_NAME = "$(TARGET_NAME)";
				SWIFT_VERSION = 4.2;
				TARGETED_DEVICE_FAMILY = "1,2";
			};
			name = Release;
		};
/* End XCBuildConfiguration section */

/* Begin XCConfigurationList section */
		CD89309C21D17F9C00BB4320 /* Build configuration list for PBXProject "myCoreDB" */ = {
			isa = XCConfigurationList;
			buildConfigurations = (
				CD8930B421D17F9D00BB4320 /* Debug */,
				CD8930B521D17F9D00BB4320 /* Release */,
			);
			defaultConfigurationIsVisible = 0;
			defaultConfigurationName = Release;
		};
		CD8930B621D17F9D00BB4320 /* Build configuration list for PBXNativeTarget "myCoreDB" */ = {
			isa = XCConfigurationList;
			buildConfigurations = (
				CD8930B721D17F9D00BB4320 /* Debug */,
				CD8930B821D17F9D00BB4320 /* Release */,
			);
			defaultConfigurationIsVisible = 0;
			defaultConfigurationName = Release;
		};
/* End XCConfigurationList section */

/* Begin XCVersionGroup section */
		CD8930AB21D17F9D00BB4320 /* myCoreDB.xcdatamodeld */ = {
			isa = XCVersionGroup;
			children = (
				CD8930AC21D17F9D00BB4320 /* myCoreDB.xcdatamodel */,
			);
			currentVersion = CD8930AC21D17F9D00BB4320 /* myCoreDB.xcdatamodel */;
			path = myCoreDB.xcdatamodeld;
			sourceTree = "<group>";
			versionGroupType = wrapper.xcdatamodel;
		};
/* End XCVersionGroup section */
	};
	rootObject = CD89309921D17F9C00BB4320 /* Project object */;
}
