// !$*UTF8*$!
{
	archiveVersion = 1;
	classes = {
	};
	objectVersion = 50;
	objects = {

/* Begin PBXBuildFile section */
		CD3C77C5229CFA24004521A8 /* Items.swift in Sources */ = {isa = PBXBuildFile; fileRef = CD3C77C4229CFA24004521A8 /* Items.swift */; };
		CDAC0CEB2299B31D0034336C /* AppDelegate.swift in Sources */ = {isa = PBXBuildFile; fileRef = CDAC0CEA2299B31D0034336C /* AppDelegate.swift */; };
		CDAC0CED2299B31D0034336C /* tempTableViewController.swift in Sources */ = {isa = PBXBuildFile; fileRef = CDAC0CEC2299B31D0034336C /* tempTableViewController.swift */; };
		CDAC0CF02299B31D0034336C /* Main.storyboard in Resources */ = {isa = PBXBuildFile; fileRef = CDAC0CEE2299B31D0034336C /* Main.storyboard */; };
		CDAC0CF22299B31F0034336C /* Assets.xcassets in Resources */ = {isa = PBXBuildFile; fileRef = CDAC0CF12299B31F0034336C /* Assets.xcassets */; };
		CDAC0CF52299B31F0034336C /* LaunchScreen.storyboard in Resources */ = {isa = PBXBuildFile; fileRef = CDAC0CF32299B31F0034336C /* LaunchScreen.storyboard */; };
/* End PBXBuildFile section */

/* Begin PBXFileReference section */
		CD3C77C4229CFA24004521A8 /* Items.swift */ = {isa = PBXFileReference; lastKnownFileType = sourcecode.swift; path = Items.swift; sourceTree = "<group>"; };
		CDAC0CE72299B31D0034336C /* tempTableView.app */ = {isa = PBXFileReference; explicitFileType = wrapper.application; includeInIndex = 0; path = tempTableView.app; sourceTree = BUILT_PRODUCTS_DIR; };
		CDAC0CEA2299B31D0034336C /* AppDelegate.swift */ = {isa = PBXFileReference; lastKnownFileType = sourcecode.swift; path = AppDelegate.swift; sourceTree = "<group>"; };
		CDAC0CEC2299B31D0034336C /* tempTableViewController.swift */ = {isa = PBXFileReference; lastKnownFileType = sourcecode.swift; path = tempTableViewController.swift; sourceTree = "<group>"; };
		CDAC0CEF2299B31D0034336C /* Base */ = {isa = PBXFileReference; lastKnownFileType = file.storyboard; name = Base; path = Base.lproj/Main.storyboard; sourceTree = "<group>"; };
		CDAC0CF12299B31F0034336C /* Assets.xcassets */ = {isa = PBXFileReference; lastKnownFileType = folder.assetcatalog; path = Assets.xcassets; sourceTree = "<group>"; };
		CDAC0CF42299B31F0034336C /* Base */ = {isa = PBXFileReference; lastKnownFileType = file.storyboard; name = Base; path = Base.lproj/LaunchScreen.storyboard; sourceTree = "<group>"; };
		CDAC0CF62299B31F0034336C /* Info.plist */ = {isa = PBXFileReference; lastKnownFileType = text.plist.xml; path = Info.plist; sourceTree = "<group>"; };
/* End PBXFileReference section */

/* Begin PBXFrameworksBuildPhase section */
		CDAC0CE42299B31D0034336C /* Frameworks */ = {
			isa = PBXFrameworksBuildPhase;
			buildActionMask = 2147483647;
			files = (
			);
			runOnlyForDeploymentPostprocessing = 0;
		};
/* End PBXFrameworksBuildPhase section */

/* Begin PBXGroup section */
		CD3C77C0229CF958004521A8 /* Data Model */ = {
			isa = PBXGroup;
			children = (
				CD3C77C4229CFA24004521A8 /* Items.swift */,
			);
			path = "Data Model";
			sourceTree = "<group>";
		};
		CD3C77C1229CF99C004521A8 /* Controllers */ = {
			isa = PBXGroup;
			children = (
				CDAC0CEC2299B31D0034336C /* tempTableViewController.swift */,
			);
			path = Controllers;
			sourceTree = "<group>";
		};
		CD3C77C2229CF9AF004521A8 /* Views */ = {
			isa = PBXGroup;
			children = (
				CDAC0CEE2299B31D0034336C /* Main.storyboard */,
			);
			path = Views;
			sourceTree = "<group>";
		};
		CD3C77C3229CF9B8004521A8 /* Supporting Files */ = {
			isa = PBXGroup;
			children = (
				CDAC0CF12299B31F0034336C /* Assets.xcassets */,
				CDAC0CF32299B31F0034336C /* LaunchScreen.storyboard */,
			);
			path = "Supporting Files";
			sourceTree = "<group>";
		};
		CDAC0CDE2299B31D0034336C = {
			isa = PBXGroup;
			children = (
				CDAC0CE92299B31D0034336C /* tempTableView */,
				CDAC0CE82299B31D0034336C /* Products */,
			);
			sourceTree = "<group>";
		};
		CDAC0CE82299B31D0034336C /* Products */ = {
			isa = PBXGroup;
			children = (
				CDAC0CE72299B31D0034336C /* tempTableView.app */,
			);
			name = Products;
			sourceTree = "<group>";
		};
		CDAC0CE92299B31D0034336C /* tempTableView */ = {
			isa = PBXGroup;
			children = (
				CDAC0CEA2299B31D0034336C /* AppDelegate.swift */,
				CD3C77C1229CF99C004521A8 /* Controllers */,
				CD3C77C0229CF958004521A8 /* Data Model */,
				CD3C77C2229CF9AF004521A8 /* Views */,
				CD3C77C3229CF9B8004521A8 /* Supporting Files */,
				CDAC0CF62299B31F0034336C /* Info.plist */,
			);
			path = tempTableView;
			sourceTree = "<group>";
		};
/* End PBXGroup section */

/* Begin PBXNativeTarget section */
		CDAC0CE62299B31D0034336C /* tempTableView */ = {
			isa = PBXNativeTarget;
			buildConfigurationList = CDAC0CF92299B31F0034336C /* Build configuration list for PBXNativeTarget "tempTableView" */;
			buildPhases = (
				CDAC0CE32299B31D0034336C /* Sources */,
				CDAC0CE42299B31D0034336C /* Frameworks */,
				CDAC0CE52299B31D0034336C /* Resources */,
			);
			buildRules = (
			);
			dependencies = (
			);
			name = tempTableView;
			productName = tempTableView;
			productReference = CDAC0CE72299B31D0034336C /* tempTableView.app */;
			productType = "com.apple.product-type.application";
		};
/* End PBXNativeTarget section */

/* Begin PBXProject section */
		CDAC0CDF2299B31D0034336C /* Project object */ = {
			isa = PBXProject;
			attributes = {
				LastSwiftUpdateCheck = 1020;
				LastUpgradeCheck = 1020;
				ORGANIZATIONNAME = "Mariya Arul Raj";
				TargetAttributes = {
					CDAC0CE62299B31D0034336C = {
						CreatedOnToolsVersion = 10.2.1;
					};
				};
			};
			buildConfigurationList = CDAC0CE22299B31D0034336C /* Build configuration list for PBXProject "tempTableView" */;
			compatibilityVersion = "Xcode 9.3";
			developmentRegion = en;
			hasScannedForEncodings = 0;
			knownRegions = (
				en,
				Base,
			);
			mainGroup = CDAC0CDE2299B31D0034336C;
			productRefGroup = CDAC0CE82299B31D0034336C /* Products */;
			projectDirPath = "";
			projectRoot = "";
			targets = (
				CDAC0CE62299B31D0034336C /* tempTableView */,
			);
		};
/* End PBXProject section */

/* Begin PBXResourcesBuildPhase section */
		CDAC0CE52299B31D0034336C /* Resources */ = {
			isa = PBXResourcesBuildPhase;
			buildActionMask = 2147483647;
			files = (
				CDAC0CF52299B31F0034336C /* LaunchScreen.storyboard in Resources */,
				CDAC0CF22299B31F0034336C /* Assets.xcassets in Resources */,
				CDAC0CF02299B31D0034336C /* Main.storyboard in Resources */,
			);
			runOnlyForDeploymentPostprocessing = 0;
		};
/* End PBXResourcesBuildPhase section */

/* Begin PBXSourcesBuildPhase section */
		CDAC0CE32299B31D0034336C /* Sources */ = {
			isa = PBXSourcesBuildPhase;
			buildActionMask = 2147483647;
			files = (
				CDAC0CED2299B31D0034336C /* tempTableViewController.swift in Sources */,
				CD3C77C5229CFA24004521A8 /* Items.swift in Sources */,
				CDAC0CEB2299B31D0034336C /* AppDelegate.swift in Sources */,
			);
			runOnlyForDeploymentPostprocessing = 0;
		};
/* End PBXSourcesBuildPhase section */

/* Begin PBXVariantGroup section */
		CDAC0CEE2299B31D0034336C /* Main.storyboard */ = {
			isa = PBXVariantGroup;
			children = (
				CDAC0CEF2299B31D0034336C /* Base */,
			);
			name = Main.storyboard;
			sourceTree = "<group>";
		};
		CDAC0CF32299B31F0034336C /* LaunchScreen.storyboard */ = {
			isa = PBXVariantGroup;
			children = (
				CDAC0CF42299B31F0034336C /* Base */,
			);
			name = LaunchScreen.storyboard;
			sourceTree = "<group>";
		};
/* End PBXVariantGroup section */

/* Begin XCBuildConfiguration section */
		CDAC0CF72299B31F0034336C /* Debug */ = {
			isa = XCBuildConfiguration;
			buildSettings = {
				ALWAYS_SEARCH_USER_PATHS = NO;
				CLANG_ANALYZER_NONNULL = YES;
				CLANG_ANALYZER_NUMBER_OBJECT_CONVERSION = YES_AGGRESSIVE;
				CLANG_CXX_LANGUAGE_STANDARD = "gnu++14";
				CLANG_CXX_LIBRARY = "libc++";
				CLANG_ENABLE_MODULES = YES;
				CLANG_ENABLE_OBJC_ARC = YES;
				CLANG_ENABLE_OBJC_WEAK = YES;
				CLANG_WARN_BLOCK_CAPTURE_AUTORELEASING = YES;
				CLANG_WARN_BOOL_CONVERSION = YES;
				CLANG_WARN_COMMA = YES;
				CLANG_WARN_CONSTANT_CONVERSION = YES;
				CLANG_WARN_DEPRECATED_OBJC_IMPLEMENTATIONS = YES;
				CLANG_WARN_DIRECT_OBJC_ISA_USAGE = YES_ERROR;
				CLANG_WARN_DOCUMENTATION_COMMENTS = YES;
				CLANG_WARN_EMPTY_BODY = YES;
				CLANG_WARN_ENUM_CONVERSION = YES;
				CLANG_WARN_INFINITE_RECURSION = YES;
				CLANG_WARN_INT_CONVERSION = YES;
				CLANG_WARN_NON_LITERAL_NULL_CONVERSION = YES;
				CLANG_WARN_OBJC_IMPLICIT_RETAIN_SELF = YES;
				CLANG_WARN_OBJC_LITERAL_CONVERSION = YES;
				CLANG_WARN_OBJC_ROOT_CLASS = YES_ERROR;
				CLANG_WARN_RANGE_LOOP_ANALYSIS = YES;
				CLANG_WARN_STRICT_PROTOTYPES = YES;
				CLANG_WARN_SUSPICIOUS_MOVE = YES;
				CLANG_WARN_UNGUARDED_AVAILABILITY = YES_AGGRESSIVE;
				CLANG_WARN_UNREACHABLE_CODE = YES;
				CLANG_WARN__DUPLICATE_METHOD_MATCH = YES;
				CODE_SIGN_IDENTITY = "iPhone Developer";
				COPY_PHASE_STRIP = NO;
				DEBUG_INFORMATION_FORMAT = dwarf;
				ENABLE_STRICT_OBJC_MSGSEND = YES;
				ENABLE_TESTABILITY = YES;
				GCC_C_LANGUAGE_STANDARD = gnu11;
				GCC_DYNAMIC_NO_PIC = NO;
				GCC_NO_COMMON_BLOCKS = YES;
				GCC_OPTIMIZATION_LEVEL = 0;
				GCC_PREPROCESSOR_DEFINITIONS = (
					"DEBUG=1",
					"$(inherited)",
				);
				GCC_WARN_64_TO_32_BIT_CONVERSION = YES;
				GCC_WARN_ABOUT_RETURN_TYPE = YES_ERROR;
				GCC_WARN_UNDECLARED_SELECTOR = YES;
				GCC_WARN_UNINITIALIZED_AUTOS = YES_AGGRESSIVE;
				GCC_WARN_UNUSED_FUNCTION = YES;
				GCC_WARN_UNUSED_VARIABLE = YES;
				IPHONEOS_DEPLOYMENT_TARGET = 12.2;
				MTL_ENABLE_DEBUG_INFO = INCLUDE_SOURCE;
				MTL_FAST_MATH = YES;
				ONLY_ACTIVE_ARCH = YES;
				SDKROOT = iphoneos;
				SWIFT_ACTIVE_COMPILATION_CONDITIONS = DEBUG;
				SWIFT_OPTIMIZATION_LEVEL = "-Onone";
			};
			name = Debug;
		};
		CDAC0CF82299B31F0034336C /* Release */ = {
			isa = XCBuildConfiguration;
			buildSettings = {
				ALWAYS_SEARCH_USER_PATHS = NO;
				CLANG_ANALYZER_NONNULL = YES;
				CLANG_ANALYZER_NUMBER_OBJECT_CONVERSION = YES_AGGRESSIVE;
				CLANG_CXX_LANGUAGE_STANDARD = "gnu++14";
				CLANG_CXX_LIBRARY = "libc++";
				CLANG_ENABLE_MODULES = YES;
				CLANG_ENABLE_OBJC_ARC = YES;
				CLANG_ENABLE_OBJC_WEAK = YES;
				CLANG_WARN_BLOCK_CAPTURE_AUTORELEASING = YES;
				CLANG_WARN_BOOL_CONVERSION = YES;
				CLANG_WARN_COMMA = YES;
				CLANG_WARN_CONSTANT_CONVERSION = YES;
				CLANG_WARN_DEPRECATED_OBJC_IMPLEMENTATIONS = YES;
				CLANG_WARN_DIRECT_OBJC_ISA_USAGE = YES_ERROR;
				CLANG_WARN_DOCUMENTATION_COMMENTS = YES;
				CLANG_WARN_EMPTY_BODY = YES;
				CLANG_WARN_ENUM_CONVERSION = YES;
				CLANG_WARN_INFINITE_RECURSION = YES;
				CLANG_WARN_INT_CONVERSION = YES;
				CLANG_WARN_NON_LITERAL_NULL_CONVERSION = YES;
				CLANG_WARN_OBJC_IMPLICIT_RETAIN_SELF = YES;
				CLANG_WARN_OBJC_LITERAL_CONVERSION = YES;
				CLANG_WARN_OBJC_ROOT_CLASS = YES_ERROR;
				CLANG_WARN_RANGE_LOOP_ANALYSIS = YES;
				CLANG_WARN_STRICT_PROTOTYPES = YES;
				CLANG_WARN_SUSPICIOUS_MOVE = YES;
				CLANG_WARN_UNGUARDED_AVAILABILITY = YES_AGGRESSIVE;
				CLANG_WARN_UNREACHABLE_CODE = YES;
				CLANG_WARN__DUPLICATE_METHOD_MATCH = YES;
				CODE_SIGN_IDENTITY = "iPhone Developer";
				COPY_PHASE_STRIP = NO;
				DEBUG_INFORMATION_FORMAT = "dwarf-with-dsym";
				ENABLE_NS_ASSERTIONS = NO;
				ENABLE_STRICT_OBJC_MSGSEND = YES;
				GCC_C_LANGUAGE_STANDARD = gnu11;
				GCC_NO_COMMON_BLOCKS = YES;
				GCC_WARN_64_TO_32_BIT_CONVERSION = YES;
				GCC_WARN_ABOUT_RETURN_TYPE = YES_ERROR;
				GCC_WARN_UNDECLARED_SELECTOR = YES;
				GCC_WARN_UNINITIALIZED_AUTOS = YES_AGGRESSIVE;
				GCC_WARN_UNUSED_FUNCTION = YES;
				GCC_WARN_UNUSED_VARIABLE = YES;
				IPHONEOS_DEPLOYMENT_TARGET = 12.2;
				MTL_ENABLE_DEBUG_INFO = NO;
				MTL_FAST_MATH = YES;
				SDKROOT = iphoneos;
				SWIFT_COMPILATION_MODE = wholemodule;
				SWIFT_OPTIMIZATION_LEVEL = "-O";
				VALIDATE_PRODUCT = YES;
			};
			name = Release;
		};
		CDAC0CFA2299B31F0034336C /* Debug */ = {
			isa = XCBuildConfiguration;
			buildSettings = {
				ASSETCATALOG_COMPILER_APPICON_NAME = AppIcon;
				CODE_SIGN_STYLE = Automatic;
				INFOPLIST_FILE = tempTableView/Info.plist;
				LD_RUNPATH_SEARCH_PATHS = (
					"$(inherited)",
					"@executable_path/Frameworks",
				);
				PRODUCT_BUNDLE_IDENTIFIER = com.pkmariya.tempTableView;
				PRODUCT_NAME = "$(TARGET_NAME)";
				SWIFT_VERSION = 5.0;
				TARGETED_DEVICE_FAMILY = "1,2";
			};
			name = Debug;
		};
		CDAC0CFB2299B31F0034336C /* Release */ = {
			isa = XCBuildConfiguration;
			buildSettings = {
				ASSETCATALOG_COMPILER_APPICON_NAME = AppIcon;
				CODE_SIGN_STYLE = Automatic;
				INFOPLIST_FILE = tempTableView/Info.plist;
				LD_RUNPATH_SEARCH_PATHS = (
					"$(inherited)",
					"@executable_path/Frameworks",
				);
				PRODUCT_BUNDLE_IDENTIFIER = com.pkmariya.tempTableView;
				PRODUCT_NAME = "$(TARGET_NAME)";
				SWIFT_VERSION = 5.0;
				TARGETED_DEVICE_FAMILY = "1,2";
			};
			name = Release;
		};
/* End XCBuildConfiguration section */

/* Begin XCConfigurationList section */
		CDAC0CE22299B31D0034336C /* Build configuration list for PBXProject "tempTableView" */ = {
			isa = XCConfigurationList;
			buildConfigurations = (
				CDAC0CF72299B31F0034336C /* Debug */,
				CDAC0CF82299B31F0034336C /* Release */,
			);
			defaultConfigurationIsVisible = 0;
			defaultConfigurationName = Release;
		};
		CDAC0CF92299B31F0034336C /* Build configuration list for PBXNativeTarget "tempTableView" */ = {
			isa = XCConfigurationList;
			buildConfigurations = (
				CDAC0CFA2299B31F0034336C /* Debug */,
				CDAC0CFB2299B31F0034336C /* Release */,
			);
			defaultConfigurationIsVisible = 0;
			defaultConfigurationName = Release;
		};
/* End XCConfigurationList section */
	};
	rootObject = CDAC0CDF2299B31D0034336C /* Project object */;
}
