// !$*UTF8*$!
{
	archiveVersion = 1;
	classes = {
	};
	objectVersion = 50;
	objects = {

/* Begin PBXBuildFile section */
		CD05AB7E232E502900B4BE36 /* AppDelegate.swift in Sources */ = {isa = PBXBuildFile; fileRef = CD05AB7D232E502900B4BE36 /* AppDelegate.swift */; };
		CD05AB80232E502900B4BE36 /* ViewController.swift in Sources */ = {isa = PBXBuildFile; fileRef = CD05AB7F232E502900B4BE36 /* ViewController.swift */; };
		CD05AB83232E502900B4BE36 /* Main.storyboard in Resources */ = {isa = PBXBuildFile; fileRef = CD05AB81232E502900B4BE36 /* Main.storyboard */; };
		CD05AB85232E502C00B4BE36 /* Assets.xcassets in Resources */ = {isa = PBXBuildFile; fileRef = CD05AB84232E502C00B4BE36 /* Assets.xcassets */; };
		CD05AB88232E502C00B4BE36 /* LaunchScreen.storyboard in Resources */ = {isa = PBXBuildFile; fileRef = CD05AB86232E502C00B4BE36 /* LaunchScreen.storyboard */; };
		CD05AB91232E559E00B4BE36 /* DataModel.xcdatamodeld in Sources */ = {isa = PBXBuildFile; fileRef = CD05AB8F232E559E00B4BE36 /* DataModel.xcdatamodeld */; };
/* End PBXBuildFile section */

/* Begin PBXFileReference section */
		CD05AB7A232E502900B4BE36 /* My Locations.app */ = {isa = PBXFileReference; explicitFileType = wrapper.application; includeInIndex = 0; path = "My Locations.app"; sourceTree = BUILT_PRODUCTS_DIR; };
		CD05AB7D232E502900B4BE36 /* AppDelegate.swift */ = {isa = PBXFileReference; lastKnownFileType = sourcecode.swift; path = AppDelegate.swift; sourceTree = "<group>"; };
		CD05AB7F232E502900B4BE36 /* ViewController.swift */ = {isa = PBXFileReference; lastKnownFileType = sourcecode.swift; path = ViewController.swift; sourceTree = "<group>"; };
		CD05AB82232E502900B4BE36 /* Base */ = {isa = PBXFileReference; lastKnownFileType = file.storyboard; name = Base; path = Base.lproj/Main.storyboard; sourceTree = "<group>"; };
		CD05AB84232E502C00B4BE36 /* Assets.xcassets */ = {isa = PBXFileReference; lastKnownFileType = folder.assetcatalog; path = Assets.xcassets; sourceTree = "<group>"; };
		CD05AB87232E502C00B4BE36 /* Base */ = {isa = PBXFileReference; lastKnownFileType = file.storyboard; name = Base; path = Base.lproj/LaunchScreen.storyboard; sourceTree = "<group>"; };
		CD05AB89232E502C00B4BE36 /* Info.plist */ = {isa = PBXFileReference; lastKnownFileType = text.plist.xml; path = Info.plist; sourceTree = "<group>"; };
		CD05AB90232E559E00B4BE36 /* DataModel.xcdatamodel */ = {isa = PBXFileReference; lastKnownFileType = wrapper.xcdatamodel; path = DataModel.xcdatamodel; sourceTree = "<group>"; };
/* End PBXFileReference section */

/* Begin PBXFrameworksBuildPhase section */
		CD05AB77232E502900B4BE36 /* Frameworks */ = {
			isa = PBXFrameworksBuildPhase;
			buildActionMask = 2147483647;
			files = (
			);
			runOnlyForDeploymentPostprocessing = 0;
		};
/* End PBXFrameworksBuildPhase section */

/* Begin PBXGroup section */
		CD05AB71232E502900B4BE36 = {
			isa = PBXGroup;
			children = (
				CD05AB7C232E502900B4BE36 /* My Locations */,
				CD05AB7B232E502900B4BE36 /* Products */,
			);
			sourceTree = "<group>";
		};
		CD05AB7B232E502900B4BE36 /* Products */ = {
			isa = PBXGroup;
			children = (
				CD05AB7A232E502900B4BE36 /* My Locations.app */,
			);
			name = Products;
			sourceTree = "<group>";
		};
		CD05AB7C232E502900B4BE36 /* My Locations */ = {
			isa = PBXGroup;
			children = (
				CD05AB7D232E502900B4BE36 /* AppDelegate.swift */,
				CD05AB92232E595000B4BE36 /* Controllers */,
				CD05AB93232E596000B4BE36 /* Data Model */,
				CD05AB94232E596C00B4BE36 /* Views */,
				CD05AB95232E598500B4BE36 /* Supporting Files */,
				CD05AB89232E502C00B4BE36 /* Info.plist */,
			);
			path = "My Locations";
			sourceTree = "<group>";
		};
		CD05AB92232E595000B4BE36 /* Controllers */ = {
			isa = PBXGroup;
			children = (
				CD05AB7F232E502900B4BE36 /* ViewController.swift */,
			);
			path = Controllers;
			sourceTree = "<group>";
		};
		CD05AB93232E596000B4BE36 /* Data Model */ = {
			isa = PBXGroup;
			children = (
				CD05AB8F232E559E00B4BE36 /* DataModel.xcdatamodeld */,
			);
			path = "Data Model";
			sourceTree = "<group>";
		};
		CD05AB94232E596C00B4BE36 /* Views */ = {
			isa = PBXGroup;
			children = (
				CD05AB81232E502900B4BE36 /* Main.storyboard */,
			);
			path = Views;
			sourceTree = "<group>";
		};
		CD05AB95232E598500B4BE36 /* Supporting Files */ = {
			isa = PBXGroup;
			children = (
				CD05AB84232E502C00B4BE36 /* Assets.xcassets */,
				CD05AB86232E502C00B4BE36 /* LaunchScreen.storyboard */,
			);
			path = "Supporting Files";
			sourceTree = "<group>";
		};
/* End PBXGroup section */

/* Begin PBXNativeTarget section */
		CD05AB79232E502900B4BE36 /* My Locations */ = {
			isa = PBXNativeTarget;
			buildConfigurationList = CD05AB8C232E502C00B4BE36 /* Build configuration list for PBXNativeTarget "My Locations" */;
			buildPhases = (
				CD05AB76232E502900B4BE36 /* Sources */,
				CD05AB77232E502900B4BE36 /* Frameworks */,
				CD05AB78232E502900B4BE36 /* Resources */,
			);
			buildRules = (
			);
			dependencies = (
			);
			name = "My Locations";
			productName = "My Locations";
			productReference = CD05AB7A232E502900B4BE36 /* My Locations.app */;
			productType = "com.apple.product-type.application";
		};
/* End PBXNativeTarget section */

/* Begin PBXProject section */
		CD05AB72232E502900B4BE36 /* Project object */ = {
			isa = PBXProject;
			attributes = {
				LastSwiftUpdateCheck = 1020;
				LastUpgradeCheck = 1020;
				ORGANIZATIONNAME = "Mariya Arul Raj";
				TargetAttributes = {
					CD05AB79232E502900B4BE36 = {
						CreatedOnToolsVersion = 10.2.1;
					};
				};
			};
			buildConfigurationList = CD05AB75232E502900B4BE36 /* Build configuration list for PBXProject "My Locations" */;
			compatibilityVersion = "Xcode 9.3";
			developmentRegion = en;
			hasScannedForEncodings = 0;
			knownRegions = (
				en,
				Base,
			);
			mainGroup = CD05AB71232E502900B4BE36;
			productRefGroup = CD05AB7B232E502900B4BE36 /* Products */;
			projectDirPath = "";
			projectRoot = "";
			targets = (
				CD05AB79232E502900B4BE36 /* My Locations */,
			);
		};
/* End PBXProject section */

/* Begin PBXResourcesBuildPhase section */
		CD05AB78232E502900B4BE36 /* Resources */ = {
			isa = PBXResourcesBuildPhase;
			buildActionMask = 2147483647;
			files = (
				CD05AB88232E502C00B4BE36 /* LaunchScreen.storyboard in Resources */,
				CD05AB85232E502C00B4BE36 /* Assets.xcassets in Resources */,
				CD05AB83232E502900B4BE36 /* Main.storyboard in Resources */,
			);
			runOnlyForDeploymentPostprocessing = 0;
		};
/* End PBXResourcesBuildPhase section */

/* Begin PBXSourcesBuildPhase section */
		CD05AB76232E502900B4BE36 /* Sources */ = {
			isa = PBXSourcesBuildPhase;
			buildActionMask = 2147483647;
			files = (
				CD05AB91232E559E00B4BE36 /* DataModel.xcdatamodeld in Sources */,
				CD05AB80232E502900B4BE36 /* ViewController.swift in Sources */,
				CD05AB7E232E502900B4BE36 /* AppDelegate.swift in Sources */,
			);
			runOnlyForDeploymentPostprocessing = 0;
		};
/* End PBXSourcesBuildPhase section */

/* Begin PBXVariantGroup section */
		CD05AB81232E502900B4BE36 /* Main.storyboard */ = {
			isa = PBXVariantGroup;
			children = (
				CD05AB82232E502900B4BE36 /* Base */,
			);
			name = Main.storyboard;
			sourceTree = "<group>";
		};
		CD05AB86232E502C00B4BE36 /* LaunchScreen.storyboard */ = {
			isa = PBXVariantGroup;
			children = (
				CD05AB87232E502C00B4BE36 /* Base */,
			);
			name = LaunchScreen.storyboard;
			sourceTree = "<group>";
		};
/* End PBXVariantGroup section */

/* Begin XCBuildConfiguration section */
		CD05AB8A232E502C00B4BE36 /* Debug */ = {
			isa = XCBuildConfiguration;
			buildSettings = {
				ALWAYS_SEARCH_USER_PATHS = NO;
				CLANG_ANALYZER_NONNULL = YES;
				CLANG_ANALYZER_NUMBER_OBJECT_CONVERSION = YES_AGGRESSIVE;
				CLANG_CXX_LANGUAGE_STANDARD = "gnu++14";
				CLANG_CXX_LIBRARY = "libc++";
				CLANG_ENABLE_MODULES = YES;
				CLANG_ENABLE_OBJC_ARC = YES;
				CLANG_ENABLE_OBJC_WEAK = YES;
				CLANG_WARN_BLOCK_CAPTURE_AUTORELEASING = YES;
				CLANG_WARN_BOOL_CONVERSION = YES;
				CLANG_WARN_COMMA = YES;
				CLANG_WARN_CONSTANT_CONVERSION = YES;
				CLANG_WARN_DEPRECATED_OBJC_IMPLEMENTATIONS = YES;
				CLANG_WARN_DIRECT_OBJC_ISA_USAGE = YES_ERROR;
				CLANG_WARN_DOCUMENTATION_COMMENTS = YES;
				CLANG_WARN_EMPTY_BODY = YES;
				CLANG_WARN_ENUM_CONVERSION = YES;
				CLANG_WARN_INFINITE_RECURSION = YES;
				CLANG_WARN_INT_CONVERSION = YES;
				CLANG_WARN_NON_LITERAL_NULL_CONVERSION = YES;
				CLANG_WARN_OBJC_IMPLICIT_RETAIN_SELF = YES;
				CLANG_WARN_OBJC_LITERAL_CONVERSION = YES;
				CLANG_WARN_OBJC_ROOT_CLASS = YES_ERROR;
				CLANG_WARN_RANGE_LOOP_ANALYSIS = YES;
				CLANG_WARN_STRICT_PROTOTYPES = YES;
				CLANG_WARN_SUSPICIOUS_MOVE = YES;
				CLANG_WARN_UNGUARDED_AVAILABILITY = YES_AGGRESSIVE;
				CLANG_WARN_UNREACHABLE_CODE = YES;
				CLANG_WARN__DUPLICATE_METHOD_MATCH = YES;
				CODE_SIGN_IDENTITY = "iPhone Developer";
				COPY_PHASE_STRIP = NO;
				DEBUG_INFORMATION_FORMAT = dwarf;
				ENABLE_STRICT_OBJC_MSGSEND = YES;
				ENABLE_TESTABILITY = YES;
				GCC_C_LANGUAGE_STANDARD = gnu11;
				GCC_DYNAMIC_NO_PIC = NO;
				GCC_NO_COMMON_BLOCKS = YES;
				GCC_OPTIMIZATION_LEVEL = 0;
				GCC_PREPROCESSOR_DEFINITIONS = (
					"DEBUG=1",
					"$(inherited)",
				);
				GCC_WARN_64_TO_32_BIT_CONVERSION = YES;
				GCC_WARN_ABOUT_RETURN_TYPE = YES_ERROR;
				GCC_WARN_UNDECLARED_SELECTOR = YES;
				GCC_WARN_UNINITIALIZED_AUTOS = YES_AGGRESSIVE;
				GCC_WARN_UNUSED_FUNCTION = YES;
				GCC_WARN_UNUSED_VARIABLE = YES;
				IPHONEOS_DEPLOYMENT_TARGET = 12.2;
				MTL_ENABLE_DEBUG_INFO = INCLUDE_SOURCE;
				MTL_FAST_MATH = YES;
				ONLY_ACTIVE_ARCH = YES;
				SDKROOT = iphoneos;
				SWIFT_ACTIVE_COMPILATION_CONDITIONS = DEBUG;
				SWIFT_OPTIMIZATION_LEVEL = "-Onone";
			};
			name = Debug;
		};
		CD05AB8B232E502C00B4BE36 /* Release */ = {
			isa = XCBuildConfiguration;
			buildSettings = {
				ALWAYS_SEARCH_USER_PATHS = NO;
				CLANG_ANALYZER_NONNULL = YES;
				CLANG_ANALYZER_NUMBER_OBJECT_CONVERSION = YES_AGGRESSIVE;
				CLANG_CXX_LANGUAGE_STANDARD = "gnu++14";
				CLANG_CXX_LIBRARY = "libc++";
				CLANG_ENABLE_MODULES = YES;
				CLANG_ENABLE_OBJC_ARC = YES;
				CLANG_ENABLE_OBJC_WEAK = YES;
				CLANG_WARN_BLOCK_CAPTURE_AUTORELEASING = YES;
				CLANG_WARN_BOOL_CONVERSION = YES;
				CLANG_WARN_COMMA = YES;
				CLANG_WARN_CONSTANT_CONVERSION = YES;
				CLANG_WARN_DEPRECATED_OBJC_IMPLEMENTATIONS = YES;
				CLANG_WARN_DIRECT_OBJC_ISA_USAGE = YES_ERROR;
				CLANG_WARN_DOCUMENTATION_COMMENTS = YES;
				CLANG_WARN_EMPTY_BODY = YES;
				CLANG_WARN_ENUM_CONVERSION = YES;
				CLANG_WARN_INFINITE_RECURSION = YES;
				CLANG_WARN_INT_CONVERSION = YES;
				CLANG_WARN_NON_LITERAL_NULL_CONVERSION = YES;
				CLANG_WARN_OBJC_IMPLICIT_RETAIN_SELF = YES;
				CLANG_WARN_OBJC_LITERAL_CONVERSION = YES;
				CLANG_WARN_OBJC_ROOT_CLASS = YES_ERROR;
				CLANG_WARN_RANGE_LOOP_ANALYSIS = YES;
				CLANG_WARN_STRICT_PROTOTYPES = YES;
				CLANG_WARN_SUSPICIOUS_MOVE = YES;
				CLANG_WARN_UNGUARDED_AVAILABILITY = YES_AGGRESSIVE;
				CLANG_WARN_UNREACHABLE_CODE = YES;
				CLANG_WARN__DUPLICATE_METHOD_MATCH = YES;
				CODE_SIGN_IDENTITY = "iPhone Developer";
				COPY_PHASE_STRIP = NO;
				DEBUG_INFORMATION_FORMAT = "dwarf-with-dsym";
				ENABLE_NS_ASSERTIONS = NO;
				ENABLE_STRICT_OBJC_MSGSEND = YES;
				GCC_C_LANGUAGE_STANDARD = gnu11;
				GCC_NO_COMMON_BLOCKS = YES;
				GCC_WARN_64_TO_32_BIT_CONVERSION = YES;
				GCC_WARN_ABOUT_RETURN_TYPE = YES_ERROR;
				GCC_WARN_UNDECLARED_SELECTOR = YES;
				GCC_WARN_UNINITIALIZED_AUTOS = YES_AGGRESSIVE;
				GCC_WARN_UNUSED_FUNCTION = YES;
				GCC_WARN_UNUSED_VARIABLE = YES;
				IPHONEOS_DEPLOYMENT_TARGET = 12.2;
				MTL_ENABLE_DEBUG_INFO = NO;
				MTL_FAST_MATH = YES;
				SDKROOT = iphoneos;
				SWIFT_COMPILATION_MODE = wholemodule;
				SWIFT_OPTIMIZATION_LEVEL = "-O";
				VALIDATE_PRODUCT = YES;
			};
			name = Release;
		};
		CD05AB8D232E502C00B4BE36 /* Debug */ = {
			isa = XCBuildConfiguration;
			buildSettings = {
				ASSETCATALOG_COMPILER_APPICON_NAME = AppIcon;
				CODE_SIGN_STYLE = Automatic;
				INFOPLIST_FILE = "My Locations/Info.plist";
				LD_RUNPATH_SEARCH_PATHS = (
					"$(inherited)",
					"@executable_path/Frameworks",
				);
				PRODUCT_BUNDLE_IDENTIFIER = "com.pkmariya.My-Locations";
				PRODUCT_NAME = "$(TARGET_NAME)";
				SWIFT_VERSION = 5.0;
				TARGETED_DEVICE_FAMILY = "1,2";
			};
			name = Debug;
		};
		CD05AB8E232E502C00B4BE36 /* Release */ = {
			isa = XCBuildConfiguration;
			buildSettings = {
				ASSETCATALOG_COMPILER_APPICON_NAME = AppIcon;
				CODE_SIGN_STYLE = Automatic;
				INFOPLIST_FILE = "My Locations/Info.plist";
				LD_RUNPATH_SEARCH_PATHS = (
					"$(inherited)",
					"@executable_path/Frameworks",
				);
				PRODUCT_BUNDLE_IDENTIFIER = "com.pkmariya.My-Locations";
				PRODUCT_NAME = "$(TARGET_NAME)";
				SWIFT_VERSION = 5.0;
				TARGETED_DEVICE_FAMILY = "1,2";
			};
			name = Release;
		};
/* End XCBuildConfiguration section */

/* Begin XCConfigurationList section */
		CD05AB75232E502900B4BE36 /* Build configuration list for PBXProject "My Locations" */ = {
			isa = XCConfigurationList;
			buildConfigurations = (
				CD05AB8A232E502C00B4BE36 /* Debug */,
				CD05AB8B232E502C00B4BE36 /* Release */,
			);
			defaultConfigurationIsVisible = 0;
			defaultConfigurationName = Release;
		};
		CD05AB8C232E502C00B4BE36 /* Build configuration list for PBXNativeTarget "My Locations" */ = {
			isa = XCConfigurationList;
			buildConfigurations = (
				CD05AB8D232E502C00B4BE36 /* Debug */,
				CD05AB8E232E502C00B4BE36 /* Release */,
			);
			defaultConfigurationIsVisible = 0;
			defaultConfigurationName = Release;
		};
/* End XCConfigurationList section */

/* Begin XCVersionGroup section */
		CD05AB8F232E559E00B4BE36 /* DataModel.xcdatamodeld */ = {
			isa = XCVersionGroup;
			children = (
				CD05AB90232E559E00B4BE36 /* DataModel.xcdatamodel */,
			);
			currentVersion = CD05AB90232E559E00B4BE36 /* DataModel.xcdatamodel */;
			path = DataModel.xcdatamodeld;
			sourceTree = "<group>";
			versionGroupType = wrapper.xcdatamodel;
		};
/* End XCVersionGroup section */
	};
	rootObject = CD05AB72232E502900B4BE36 /* Project object */;
}
