// !$*UTF8*$!
{
	archiveVersion = 1;
	classes = {
	};
	objectVersion = 50;
	objects = {

/* Begin PBXBuildFile section */
		CD877B9A23ADC84B00A73F4E /* AppDelegate.swift in Sources */ = {isa = PBXBuildFile; fileRef = CD877B9923ADC84B00A73F4E /* AppDelegate.swift */; };
		CD877B9C23ADC84B00A73F4E /* SceneDelegate.swift in Sources */ = {isa = PBXBuildFile; fileRef = CD877B9B23ADC84B00A73F4E /* SceneDelegate.swift */; };
		CD877B9E23ADC84B00A73F4E /* ContentView.swift in Sources */ = {isa = PBXBuildFile; fileRef = CD877B9D23ADC84B00A73F4E /* ContentView.swift */; };
		CD877BA023ADC84D00A73F4E /* Assets.xcassets in Resources */ = {isa = PBXBuildFile; fileRef = CD877B9F23ADC84D00A73F4E /* Assets.xcassets */; };
		CD877BA323ADC84D00A73F4E /* Preview Assets.xcassets in Resources */ = {isa = PBXBuildFile; fileRef = CD877BA223ADC84D00A73F4E /* Preview Assets.xcassets */; };
		CD877BA623ADC84D00A73F4E /* LaunchScreen.storyboard in Resources */ = {isa = PBXBuildFile; fileRef = CD877BA423ADC84D00A73F4E /* LaunchScreen.storyboard */; };
/* End PBXBuildFile section */

/* Begin PBXFileReference section */
		CD877B9623ADC84B00A73F4E /* SplitCalc.app */ = {isa = PBXFileReference; explicitFileType = wrapper.application; includeInIndex = 0; path = SplitCalc.app; sourceTree = BUILT_PRODUCTS_DIR; };
		CD877B9923ADC84B00A73F4E /* AppDelegate.swift */ = {isa = PBXFileReference; lastKnownFileType = sourcecode.swift; path = AppDelegate.swift; sourceTree = "<group>"; };
		CD877B9B23ADC84B00A73F4E /* SceneDelegate.swift */ = {isa = PBXFileReference; lastKnownFileType = sourcecode.swift; path = SceneDelegate.swift; sourceTree = "<group>"; };
		CD877B9D23ADC84B00A73F4E /* ContentView.swift */ = {isa = PBXFileReference; lastKnownFileType = sourcecode.swift; path = ContentView.swift; sourceTree = "<group>"; };
		CD877B9F23ADC84D00A73F4E /* Assets.xcassets */ = {isa = PBXFileReference; lastKnownFileType = folder.assetcatalog; path = Assets.xcassets; sourceTree = "<group>"; };
		CD877BA223ADC84D00A73F4E /* Preview Assets.xcassets */ = {isa = PBXFileReference; lastKnownFileType = folder.assetcatalog; path = "Preview Assets.xcassets"; sourceTree = "<group>"; };
		CD877BA523ADC84D00A73F4E /* Base */ = {isa = PBXFileReference; lastKnownFileType = file.storyboard; name = Base; path = Base.lproj/LaunchScreen.storyboard; sourceTree = "<group>"; };
		CD877BA723ADC84D00A73F4E /* Info.plist */ = {isa = PBXFileReference; lastKnownFileType = text.plist.xml; path = Info.plist; sourceTree = "<group>"; };
/* End PBXFileReference section */

/* Begin PBXFrameworksBuildPhase section */
		CD877B9323ADC84B00A73F4E /* Frameworks */ = {
			isa = PBXFrameworksBuildPhase;
			buildActionMask = 2147483647;
			files = (
			);
			runOnlyForDeploymentPostprocessing = 0;
		};
/* End PBXFrameworksBuildPhase section */

/* Begin PBXGroup section */
		CD877B8D23ADC84B00A73F4E = {
			isa = PBXGroup;
			children = (
				CD877B9823ADC84B00A73F4E /* SplitCalc */,
				CD877B9723ADC84B00A73F4E /* Products */,
			);
			sourceTree = "<group>";
		};
		CD877B9723ADC84B00A73F4E /* Products */ = {
			isa = PBXGroup;
			children = (
				CD877B9623ADC84B00A73F4E /* SplitCalc.app */,
			);
			name = Products;
			sourceTree = "<group>";
		};
		CD877B9823ADC84B00A73F4E /* SplitCalc */ = {
			isa = PBXGroup;
			children = (
				CD877B9923ADC84B00A73F4E /* AppDelegate.swift */,
				CD877B9B23ADC84B00A73F4E /* SceneDelegate.swift */,
				CD877B9D23ADC84B00A73F4E /* ContentView.swift */,
				CD877B9F23ADC84D00A73F4E /* Assets.xcassets */,
				CD877BA423ADC84D00A73F4E /* LaunchScreen.storyboard */,
				CD877BA723ADC84D00A73F4E /* Info.plist */,
				CD877BA123ADC84D00A73F4E /* Preview Content */,
			);
			path = SplitCalc;
			sourceTree = "<group>";
		};
		CD877BA123ADC84D00A73F4E /* Preview Content */ = {
			isa = PBXGroup;
			children = (
				CD877BA223ADC84D00A73F4E /* Preview Assets.xcassets */,
			);
			path = "Preview Content";
			sourceTree = "<group>";
		};
/* End PBXGroup section */

/* Begin PBXNativeTarget section */
		CD877B9523ADC84B00A73F4E /* SplitCalc */ = {
			isa = PBXNativeTarget;
			buildConfigurationList = CD877BAA23ADC84D00A73F4E /* Build configuration list for PBXNativeTarget "SplitCalc" */;
			buildPhases = (
				CD877B9223ADC84B00A73F4E /* Sources */,
				CD877B9323ADC84B00A73F4E /* Frameworks */,
				CD877B9423ADC84B00A73F4E /* Resources */,
			);
			buildRules = (
			);
			dependencies = (
			);
			name = SplitCalc;
			productName = SplitCalc;
			productReference = CD877B9623ADC84B00A73F4E /* SplitCalc.app */;
			productType = "com.apple.product-type.application";
		};
/* End PBXNativeTarget section */

/* Begin PBXProject section */
		CD877B8E23ADC84B00A73F4E /* Project object */ = {
			isa = PBXProject;
			attributes = {
				LastSwiftUpdateCheck = 1120;
				LastUpgradeCheck = 1120;
				ORGANIZATIONNAME = "Mariya Arul Raj";
				TargetAttributes = {
					CD877B9523ADC84B00A73F4E = {
						CreatedOnToolsVersion = 11.2.1;
					};
				};
			};
			buildConfigurationList = CD877B9123ADC84B00A73F4E /* Build configuration list for PBXProject "SplitCalc" */;
			compatibilityVersion = "Xcode 9.3";
			developmentRegion = en;
			hasScannedForEncodings = 0;
			knownRegions = (
				en,
				Base,
			);
			mainGroup = CD877B8D23ADC84B00A73F4E;
			productRefGroup = CD877B9723ADC84B00A73F4E /* Products */;
			projectDirPath = "";
			projectRoot = "";
			targets = (
				CD877B9523ADC84B00A73F4E /* SplitCalc */,
			);
		};
/* End PBXProject section */

/* Begin PBXResourcesBuildPhase section */
		CD877B9423ADC84B00A73F4E /* Resources */ = {
			isa = PBXResourcesBuildPhase;
			buildActionMask = 2147483647;
			files = (
				CD877BA623ADC84D00A73F4E /* LaunchScreen.storyboard in Resources */,
				CD877BA323ADC84D00A73F4E /* Preview Assets.xcassets in Resources */,
				CD877BA023ADC84D00A73F4E /* Assets.xcassets in Resources */,
			);
			runOnlyForDeploymentPostprocessing = 0;
		};
/* End PBXResourcesBuildPhase section */

/* Begin PBXSourcesBuildPhase section */
		CD877B9223ADC84B00A73F4E /* Sources */ = {
			isa = PBXSourcesBuildPhase;
			buildActionMask = 2147483647;
			files = (
				CD877B9A23ADC84B00A73F4E /* AppDelegate.swift in Sources */,
				CD877B9C23ADC84B00A73F4E /* SceneDelegate.swift in Sources */,
				CD877B9E23ADC84B00A73F4E /* ContentView.swift in Sources */,
			);
			runOnlyForDeploymentPostprocessing = 0;
		};
/* End PBXSourcesBuildPhase section */

/* Begin PBXVariantGroup section */
		CD877BA423ADC84D00A73F4E /* LaunchScreen.storyboard */ = {
			isa = PBXVariantGroup;
			children = (
				CD877BA523ADC84D00A73F4E /* Base */,
			);
			name = LaunchScreen.storyboard;
			sourceTree = "<group>";
		};
/* End PBXVariantGroup section */

/* Begin XCBuildConfiguration section */
		CD877BA823ADC84D00A73F4E /* Debug */ = {
			isa = XCBuildConfiguration;
			buildSettings = {
				ALWAYS_SEARCH_USER_PATHS = NO;
				CLANG_ANALYZER_NONNULL = YES;
				CLANG_ANALYZER_NUMBER_OBJECT_CONVERSION = YES_AGGRESSIVE;
				CLANG_CXX_LANGUAGE_STANDARD = "gnu++14";
				CLANG_CXX_LIBRARY = "libc++";
				CLANG_ENABLE_MODULES = YES;
				CLANG_ENABLE_OBJC_ARC = YES;
				CLANG_ENABLE_OBJC_WEAK = YES;
				CLANG_WARN_BLOCK_CAPTURE_AUTORELEASING = YES;
				CLANG_WARN_BOOL_CONVERSION = YES;
				CLANG_WARN_COMMA = YES;
				CLANG_WARN_CONSTANT_CONVERSION = YES;
				CLANG_WARN_DEPRECATED_OBJC_IMPLEMENTATIONS = YES;
				CLANG_WARN_DIRECT_OBJC_ISA_USAGE = YES_ERROR;
				CLANG_WARN_DOCUMENTATION_COMMENTS = YES;
				CLANG_WARN_EMPTY_BODY = YES;
				CLANG_WARN_ENUM_CONVERSION = YES;
				CLANG_WARN_INFINITE_RECURSION = YES;
				CLANG_WARN_INT_CONVERSION = YES;
				CLANG_WARN_NON_LITERAL_NULL_CONVERSION = YES;
				CLANG_WARN_OBJC_IMPLICIT_RETAIN_SELF = YES;
				CLANG_WARN_OBJC_LITERAL_CONVERSION = YES;
				CLANG_WARN_OBJC_ROOT_CLASS = YES_ERROR;
				CLANG_WARN_RANGE_LOOP_ANALYSIS = YES;
				CLANG_WARN_STRICT_PROTOTYPES = YES;
				CLANG_WARN_SUSPICIOUS_MOVE = YES;
				CLANG_WARN_UNGUARDED_AVAILABILITY = YES_AGGRESSIVE;
				CLANG_WARN_UNREACHABLE_CODE = YES;
				CLANG_WARN__DUPLICATE_METHOD_MATCH = YES;
				COPY_PHASE_STRIP = NO;
				DEBUG_INFORMATION_FORMAT = dwarf;
				ENABLE_STRICT_OBJC_MSGSEND = YES;
				ENABLE_TESTABILITY = YES;
				GCC_C_LANGUAGE_STANDARD = gnu11;
				GCC_DYNAMIC_NO_PIC = NO;
				GCC_NO_COMMON_BLOCKS = YES;
				GCC_OPTIMIZATION_LEVEL = 0;
				GCC_PREPROCESSOR_DEFINITIONS = (
					"DEBUG=1",
					"$(inherited)",
				);
				GCC_WARN_64_TO_32_BIT_CONVERSION = YES;
				GCC_WARN_ABOUT_RETURN_TYPE = YES_ERROR;
				GCC_WARN_UNDECLARED_SELECTOR = YES;
				GCC_WARN_UNINITIALIZED_AUTOS = YES_AGGRESSIVE;
				GCC_WARN_UNUSED_FUNCTION = YES;
				GCC_WARN_UNUSED_VARIABLE = YES;
				IPHONEOS_DEPLOYMENT_TARGET = 13.2;
				MTL_ENABLE_DEBUG_INFO = INCLUDE_SOURCE;
				MTL_FAST_MATH = YES;
				ONLY_ACTIVE_ARCH = YES;
				SDKROOT = iphoneos;
				SWIFT_ACTIVE_COMPILATION_CONDITIONS = DEBUG;
				SWIFT_OPTIMIZATION_LEVEL = "-Onone";
			};
			name = Debug;
		};
		CD877BA923ADC84D00A73F4E /* Release */ = {
			isa = XCBuildConfiguration;
			buildSettings = {
				ALWAYS_SEARCH_USER_PATHS = NO;
				CLANG_ANALYZER_NONNULL = YES;
				CLANG_ANALYZER_NUMBER_OBJECT_CONVERSION = YES_AGGRESSIVE;
				CLANG_CXX_LANGUAGE_STANDARD = "gnu++14";
				CLANG_CXX_LIBRARY = "libc++";
				CLANG_ENABLE_MODULES = YES;
				CLANG_ENABLE_OBJC_ARC = YES;
				CLANG_ENABLE_OBJC_WEAK = YES;
				CLANG_WARN_BLOCK_CAPTURE_AUTORELEASING = YES;
				CLANG_WARN_BOOL_CONVERSION = YES;
				CLANG_WARN_COMMA = YES;
				CLANG_WARN_CONSTANT_CONVERSION = YES;
				CLANG_WARN_DEPRECATED_OBJC_IMPLEMENTATIONS = YES;
				CLANG_WARN_DIRECT_OBJC_ISA_USAGE = YES_ERROR;
				CLANG_WARN_DOCUMENTATION_COMMENTS = YES;
				CLANG_WARN_EMPTY_BODY = YES;
				CLANG_WARN_ENUM_CONVERSION = YES;
				CLANG_WARN_INFINITE_RECURSION = YES;
				CLANG_WARN_INT_CONVERSION = YES;
				CLANG_WARN_NON_LITERAL_NULL_CONVERSION = YES;
				CLANG_WARN_OBJC_IMPLICIT_RETAIN_SELF = YES;
				CLANG_WARN_OBJC_LITERAL_CONVERSION = YES;
				CLANG_WARN_OBJC_ROOT_CLASS = YES_ERROR;
				CLANG_WARN_RANGE_LOOP_ANALYSIS = YES;
				CLANG_WARN_STRICT_PROTOTYPES = YES;
				CLANG_WARN_SUSPICIOUS_MOVE = YES;
				CLANG_WARN_UNGUARDED_AVAILABILITY = YES_AGGRESSIVE;
				CLANG_WARN_UNREACHABLE_CODE = YES;
				CLANG_WARN__DUPLICATE_METHOD_MATCH = YES;
				COPY_PHASE_STRIP = NO;
				DEBUG_INFORMATION_FORMAT = "dwarf-with-dsym";
				ENABLE_NS_ASSERTIONS = NO;
				ENABLE_STRICT_OBJC_MSGSEND = YES;
				GCC_C_LANGUAGE_STANDARD = gnu11;
				GCC_NO_COMMON_BLOCKS = YES;
				GCC_WARN_64_TO_32_BIT_CONVERSION = YES;
				GCC_WARN_ABOUT_RETURN_TYPE = YES_ERROR;
				GCC_WARN_UNDECLARED_SELECTOR = YES;
				GCC_WARN_UNINITIALIZED_AUTOS = YES_AGGRESSIVE;
				GCC_WARN_UNUSED_FUNCTION = YES;
				GCC_WARN_UNUSED_VARIABLE = YES;
				IPHONEOS_DEPLOYMENT_TARGET = 13.2;
				MTL_ENABLE_DEBUG_INFO = NO;
				MTL_FAST_MATH = YES;
				SDKROOT = iphoneos;
				SWIFT_COMPILATION_MODE = wholemodule;
				SWIFT_OPTIMIZATION_LEVEL = "-O";
				VALIDATE_PRODUCT = YES;
			};
			name = Release;
		};
		CD877BAB23ADC84D00A73F4E /* Debug */ = {
			isa = XCBuildConfiguration;
			buildSettings = {
				ASSETCATALOG_COMPILER_APPICON_NAME = AppIcon;
				CODE_SIGN_STYLE = Automatic;
				DEVELOPMENT_ASSET_PATHS = "\"SplitCalc/Preview Content\"";
				ENABLE_PREVIEWS = YES;
				INFOPLIST_FILE = SplitCalc/Info.plist;
				LD_RUNPATH_SEARCH_PATHS = (
					"$(inherited)",
					"@executable_path/Frameworks",
				);
				PRODUCT_BUNDLE_IDENTIFIER = com.pkmariya.SplitCalc;
				PRODUCT_NAME = "$(TARGET_NAME)";
				SWIFT_VERSION = 5.0;
				TARGETED_DEVICE_FAMILY = "1,2";
			};
			name = Debug;
		};
		CD877BAC23ADC84D00A73F4E /* Release */ = {
			isa = XCBuildConfiguration;
			buildSettings = {
				ASSETCATALOG_COMPILER_APPICON_NAME = AppIcon;
				CODE_SIGN_STYLE = Automatic;
				DEVELOPMENT_ASSET_PATHS = "\"SplitCalc/Preview Content\"";
				ENABLE_PREVIEWS = YES;
				INFOPLIST_FILE = SplitCalc/Info.plist;
				LD_RUNPATH_SEARCH_PATHS = (
					"$(inherited)",
					"@executable_path/Frameworks",
				);
				PRODUCT_BUNDLE_IDENTIFIER = com.pkmariya.SplitCalc;
				PRODUCT_NAME = "$(TARGET_NAME)";
				SWIFT_VERSION = 5.0;
				TARGETED_DEVICE_FAMILY = "1,2";
			};
			name = Release;
		};
/* End XCBuildConfiguration section */

/* Begin XCConfigurationList section */
		CD877B9123ADC84B00A73F4E /* Build configuration list for PBXProject "SplitCalc" */ = {
			isa = XCConfigurationList;
			buildConfigurations = (
				CD877BA823ADC84D00A73F4E /* Debug */,
				CD877BA923ADC84D00A73F4E /* Release */,
			);
			defaultConfigurationIsVisible = 0;
			defaultConfigurationName = Release;
		};
		CD877BAA23ADC84D00A73F4E /* Build configuration list for PBXNativeTarget "SplitCalc" */ = {
			isa = XCConfigurationList;
			buildConfigurations = (
				CD877BAB23ADC84D00A73F4E /* Debug */,
				CD877BAC23ADC84D00A73F4E /* Release */,
			);
			defaultConfigurationIsVisible = 0;
			defaultConfigurationName = Release;
		};
/* End XCConfigurationList section */
	};
	rootObject = CD877B8E23ADC84B00A73F4E /* Project object */;
}
